
Microsoft Visual Studio Solution File, Format Version 12.00
# Visual Studio 14
VisualStudioVersion = 14.0.25420.1
MinimumVisualStudioVersion = 10.0.40219.1
Project("{E24C65DC-7377-472B-9ABA-BC803B73C61A}") = "WebService", "F:\PEN DRIVE TIAGO DALLOCA\5Semestre\ASD\SalarioLiquido\WebService\", "{419F519B-F012-40D2-9765-F48BE964FD0A}"
	ProjectSection(WebsiteProperties) = preProject
		TargetFrameworkMoniker = ".NETFramework,Version%3Dv3.5"
		Debug.AspNetCompiler.VirtualPath = "/localhost_3184"
		Debug.AspNetCompiler.PhysicalPath = "F:\PEN DRIVE TIAGO DALLOCA\5Semestre\ASD\SalarioLiquido\WebService\"
		Debug.AspNetCompiler.TargetPath = "PrecompiledWeb\localhost_3184\"
		Debug.AspNetCompiler.Updateable = "true"
		Debug.AspNetCompiler.ForceOverwrite = "true"
		Debug.AspNetCompiler.FixedNames = "false"
		Debug.AspNetCompiler.Debug = "True"
		Release.AspNetCompiler.VirtualPath = "/localhost_3184"
		Release.AspNetCompiler.PhysicalPath = "F:\PEN DRIVE TIAGO DALLOCA\5Semestre\ASD\SalarioLiquido\WebService\"
		Release.AspNetCompiler.TargetPath = "PrecompiledWeb\localhost_3184\"
		Release.AspNetCompiler.Updateable = "true"
		Release.AspNetCompiler.ForceOverwrite = "true"
		Release.AspNetCompiler.FixedNames = "false"
		Release.AspNetCompiler.Debug = "False"
		VWDPort = "3184"
		SlnRelativePath = "F:\PEN DRIVE TIAGO DALLOCA\5Semestre\ASD\SalarioLiquido\WebService\"
		DefaultWebSiteLanguage = "Visual C#"
	EndProjectSection
EndProject
Project("{FAE04EC0-301F-11D3-BF4B-00C04F79EFBC}") = "Client", "F:\PEN DRIVE TIAGO DALLOCA\5Semestre\ASD\SalarioLiquido\Client\Client.csproj", "{D68E2C91-A97A-4295-B65E-1AC5F7FF427C}"
EndProject
Global
	GlobalSection(SolutionConfigurationPlatforms) = preSolution
		Debug|Any CPU = Debug|Any CPU
		Release|Any CPU = Release|Any CPU
	EndGlobalSection
	GlobalSection(ProjectConfigurationPlatforms) = postSolution
		{419F519B-F012-40D2-9765-F48BE964FD0A}.Debug|Any CPU.ActiveCfg = Debug|Any CPU
		{419F519B-F012-40D2-9765-F48BE964FD0A}.Debug|Any CPU.Build.0 = Debug|Any CPU
		{419F519B-F012-40D2-9765-F48BE964FD0A}.Release|Any CPU.ActiveCfg = Debug|Any CPU
		{419F519B-F012-40D2-9765-F48BE964FD0A}.Release|Any CPU.Build.0 = Debug|Any CPU
		{D68E2C91-A97A-4295-B65E-1AC5F7FF427C}.Debug|Any CPU.ActiveCfg = Debug|Any CPU
		{D68E2C91-A97A-4295-B65E-1AC5F7FF427C}.Debug|Any CPU.Build.0 = Debug|Any CPU
		{D68E2C91-A97A-4295-B65E-1AC5F7FF427C}.Release|Any CPU.ActiveCfg = Release|Any CPU
		{D68E2C91-A97A-4295-B65E-1AC5F7FF427C}.Release|Any CPU.Build.0 = Release|Any CPU
	EndGlobalSection
	GlobalSection(SolutionProperties) = preSolution
		HideSolutionNode = FALSE
	EndGlobalSection
EndGlobal
